Microsoft Visual Studio Solution File, Format Version 12.00
# Visual Studio 15
VisualStudioVersion = 15.0.28010.2048
MinimumVisualStudioVersion = 10.0.40219.1
Project("{FAE04EC0-301F-11D3-BF4B-00C04F79EFBC}") = "AGSExportPlugin", "AGSExportPlugin\AGSExportPlugin.csproj", "{27F859AD-BCFB-429C-9A8F-DD31EEB9CB45}"
EndProject
Global
	GlobalSection(SolutionConfigurationPlatforms) = preSolution
		Debug|Any CPU = Debug|Any CPU
		Release|Any CPU = Release|Any CPU
	EndGlobalSection
	GlobalSection(ProjectConfigurationPlatforms) = postSolution
		{27F859AD-BCFB-429C-9A8F-DD31EEB9CB45}.Debug|Any CPU.ActiveCfg = Debug|Any CPU
		{27F859AD-BCFB-429C-9A8F-DD31EEB9CB45}.Debug|Any CPU.Build.0 = Debug|Any CPU
		{27F859AD-BCFB-429C-9A8F-DD31EEB9CB45}.Release|Any CPU.ActiveCfg = Release|Any CPU
		{27F859AD-BCFB-429C-9A8F-DD31EEB9CB45}.Release|Any CPU.Build.0 = Release|Any CPU
	EndGlobalSection
	GlobalSection(SolutionProperties) = preSolution
		HideSolutionNode = FALSE
	EndGlobalSection
	GlobalSection(ExtensibilityGlobals) = postSolution
		SolutionGuid = {5B7E1691-E320-4CD2-B8ED-DF6917C2CB6D}
	EndGlobalSection
EndGlobal
